Microsoft Visual Studio Solution File, Format Version 12.00
# Visual Studio Version 17
VisualStudioVersion = 17.5.2.0
MinimumVisualStudioVersion = 10.0.40219.1
Project("{FAE04EC0-301F-11D3-BF4B-00C04F79EFBC}") = "ExperimentMethodJumptable_SecondAssembly", "ExperimentMethodJumptable_SecondAssembly.csproj", "{9A3CA255-3811-23FB-8099-D15222DFA296}"
EndProject
Global
	GlobalSection(SolutionConfigurationPlatforms) = preSolution
		Debug|Any CPU = Debug|Any CPU
		Release|Any CPU = Release|Any CPU
	EndGlobalSection
	GlobalSection(ProjectConfigurationPlatforms) = postSolution
		{9A3CA255-3811-23FB-8099-D15222DFA296}.Debug|Any CPU.ActiveCfg = Debug|Any CPU
		{9A3CA255-3811-23FB-8099-D15222DFA296}.Debug|Any CPU.Build.0 = Debug|Any CPU
		{9A3CA255-3811-23FB-8099-D15222DFA296}.Release|Any CPU.ActiveCfg = Release|Any CPU
		{9A3CA255-3811-23FB-8099-D15222DFA296}.Release|Any CPU.Build.0 = Release|Any CPU
	EndGlobalSection
	GlobalSection(SolutionProperties) = preSolution
		HideSolutionNode = FALSE
	EndGlobalSection
	GlobalSection(ExtensibilityGlobals) = postSolution
		SolutionGuid = {8EEE4069-9DBF-4ECB-9810-781D11992EF7}
	EndGlobalSection
EndGlobal
