Microsoft Visual Studio Solution File, Format Version 12.00
# Visual Studio Version 17
VisualStudioVersion = 17.5.2.0
MinimumVisualStudioVersion = 10.0.40219.1
Project("{FAE04EC0-301F-11D3-BF4B-00C04F79EFBC}") = "ExperimentMethodJumptable", "ExperimentMethodJumptable.csproj", "{77AFD200-212A-DF0C-9F60-2578F9C2D318}"
EndProject
Global
	GlobalSection(SolutionConfigurationPlatforms) = preSolution
		Debug|Any CPU = Debug|Any CPU
		Release|Any CPU = Release|Any CPU
	EndGlobalSection
	GlobalSection(ProjectConfigurationPlatforms) = postSolution
		{77AFD200-212A-DF0C-9F60-2578F9C2D318}.Debug|Any CPU.ActiveCfg = Debug|Any CPU
		{77AFD200-212A-DF0C-9F60-2578F9C2D318}.Debug|Any CPU.Build.0 = Debug|Any CPU
		{77AFD200-212A-DF0C-9F60-2578F9C2D318}.Release|Any CPU.ActiveCfg = Release|Any CPU
		{77AFD200-212A-DF0C-9F60-2578F9C2D318}.Release|Any CPU.Build.0 = Release|Any CPU
	EndGlobalSection
	GlobalSection(SolutionProperties) = preSolution
		HideSolutionNode = FALSE
	EndGlobalSection
	GlobalSection(ExtensibilityGlobals) = postSolution
		SolutionGuid = {034FF1E9-D7BD-4204-8EFE-381989720DE7}
	EndGlobalSection
EndGlobal
